Microsoft Visual Studio Solution File, Format Version 12.00
# Visual Studio Version 17
VisualStudioVersion = 17.8.34511.84
MinimumVisualStudioVersion = 10.0.40219.1
Project("{FAE04EC0-301F-11D3-BF4B-00C04F79EFBC}") = "SV22T1020142.Admin", "SV22T1020142.Admin\SV22T1020142.Admin.csproj", "{A9DF441E-F765-4EEE-A79D-D2A7A7BCEB45}"
EndProject
Project("{FAE04EC0-301F-11D3-BF4B-00C04F79EFBC}") = "SV22T1020142.Models", "SV22T1020142.Models\SV22T1020142.Models.csproj", "{CFACF987-A98B-43EA-980E-8B6E173A9B64}"
EndProject
Project("{FAE04EC0-301F-11D3-BF4B-00C04F79EFBC}") = "SV22T1020142.DataLayers", "SV22T1020142.DataLayers\SV22T1020142.DataLayers.csproj", "{A7A8F52B-3C75-48D5-997D-A3639A4135FD}"
EndProject
Project("{FAE04EC0-301F-11D3-BF4B-00C04F79EFBC}") = "SV22T1020142.BusinessLayers", "SV22T1020142.BusinessLayers\SV22T1020142.BusinessLayers.csproj", "{F0505CF6-FDA0-4AC5-BFB1-B304EF9519D3}"
EndProject
Project("{2150E333-8FDC-42A3-9474-1A3956D46DE8}") = "Applications", "Applications", "{F43D0358-8226-49F1-BCC1-4B8BF124F04B}"
EndProject
Project("{2150E333-8FDC-42A3-9474-1A3956D46DE8}") = "Libraries", "Libraries", "{780B46AF-DE18-47F5-B802-58964B5E8915}"
EndProject
Project("{FAE04EC0-301F-11D3-BF4B-00C04F79EFBC}") = "SV22T1020142.Shop", "SV22T1020142.Shop\SV22T1020142.Shop.csproj", "{5BF9A953-3B6D-C8CB-D2B1-12FFF6DF7A84}"
EndProject
Global
	GlobalSection(SolutionConfigurationPlatforms) = preSolution
		Debug|Any CPU = Debug|Any CPU
		Release|Any CPU = Release|Any CPU
	EndGlobalSection
	GlobalSection(ProjectConfigurationPlatforms) = postSolution
		{A9DF441E-F765-4EEE-A79D-D2A7A7BCEB45}.Debug|Any CPU.ActiveCfg = Debug|Any CPU
		{A9DF441E-F765-4EEE-A79D-D2A7A7BCEB45}.Debug|Any CPU.Build.0 = Debug|Any CPU
		{A9DF441E-F765-4EEE-A79D-D2A7A7BCEB45}.Release|Any CPU.ActiveCfg = Release|Any CPU
		{A9DF441E-F765-4EEE-A79D-D2A7A7BCEB45}.Release|Any CPU.Build.0 = Release|Any CPU
		{CFACF987-A98B-43EA-980E-8B6E173A9B64}.Debug|Any CPU.ActiveCfg = Debug|Any CPU
		{CFACF987-A98B-43EA-980E-8B6E173A9B64}.Debug|Any CPU.Build.0 = Debug|Any CPU
		{CFACF987-A98B-43EA-980E-8B6E173A9B64}.Release|Any CPU.ActiveCfg = Release|Any CPU
		{CFACF987-A98B-43EA-980E-8B6E173A9B64}.Release|Any CPU.Build.0 = Release|Any CPU
		{A7A8F52B-3C75-48D5-997D-A3639A4135FD}.Debug|Any CPU.ActiveCfg = Debug|Any CPU
		{A7A8F52B-3C75-48D5-997D-A3639A4135FD}.Debug|Any CPU.Build.0 = Debug|Any CPU
		{A7A8F52B-3C75-48D5-997D-A3639A4135FD}.Release|Any CPU.ActiveCfg = Release|Any CPU
		{A7A8F52B-3C75-48D5-997D-A3639A4135FD}.Release|Any CPU.Build.0 = Release|Any CPU
		{F0505CF6-FDA0-4AC5-BFB1-B304EF9519D3}.Debug|Any CPU.ActiveCfg = Debug|Any CPU
		{F0505CF6-FDA0-4AC5-BFB1-B304EF9519D3}.Debug|Any CPU.Build.0 = Debug|Any CPU
		{F0505CF6-FDA0-4AC5-BFB1-B304EF9519D3}.Release|Any CPU.ActiveCfg = Release|Any CPU
		{F0505CF6-FDA0-4AC5-BFB1-B304EF9519D3}.Release|Any CPU.Build.0 = Release|Any CPU
		{5BF9A953-3B6D-C8CB-D2B1-12FFF6DF7A84}.Debug|Any CPU.ActiveCfg = Debug|Any CPU
		{5BF9A953-3B6D-C8CB-D2B1-12FFF6DF7A84}.Debug|Any CPU.Build.0 = Debug|Any CPU
		{5BF9A953-3B6D-C8CB-D2B1-12FFF6DF7A84}.Release|Any CPU.ActiveCfg = Release|Any CPU
		{5BF9A953-3B6D-C8CB-D2B1-12FFF6DF7A84}.Release|Any CPU.Build.0 = Release|Any CPU
	EndGlobalSection
	GlobalSection(SolutionProperties) = preSolution
		HideSolutionNode = FALSE
	EndGlobalSection
	GlobalSection(NestedProjects) = preSolution
		{A9DF441E-F765-4EEE-A79D-D2A7A7BCEB45} = {F43D0358-8226-49F1-BCC1-4B8BF124F04B}
		{CFACF987-A98B-43EA-980E-8B6E173A9B64} = {780B46AF-DE18-47F5-B802-58964B5E8915}
		{A7A8F52B-3C75-48D5-997D-A3639A4135FD} = {780B46AF-DE18-47F5-B802-58964B5E8915}
		{F0505CF6-FDA0-4AC5-BFB1-B304EF9519D3} = {780B46AF-DE18-47F5-B802-58964B5E8915}
	EndGlobalSection
	GlobalSection(ExtensibilityGlobals) = postSolution
		SolutionGuid = {DBFBD1FD-2E6B-4568-9D53-7997EB4518BD}
	EndGlobalSection
EndGlobal
